// !$*UTF8*$!
{
	archiveVersion = 1;
	classes = {
	};
	objectVersion = 50;
	objects = {

/* Begin PBXBuildFile section */
		2F00620520F9C9CC00C78DE4 /* Constants.swift in Sources */ = {isa = PBXBuildFile; fileRef = 2F00620420F9C9CC00C78DE4 /* Constants.swift */; };
		2F620EC720F088F8005FD106 /* PhotoCell.swift in Sources */ = {isa = PBXBuildFile; fileRef = 2F620EC620F088F8005FD106 /* PhotoCell.swift */; };
		2F68DE7320DF565800731729 /* DroppablePin.swift in Sources */ = {isa = PBXBuildFile; fileRef = 2F68DE7220DF565800731729 /* DroppablePin.swift */; };
		2FD69BED20D0CEBF001389C4 /* AppDelegate.swift in Sources */ = {isa = PBXBuildFile; fileRef = 2FD69BEC20D0CEBF001389C4 /* AppDelegate.swift */; };
		2FD69BEF20D0CEBF001389C4 /* MapVC.swift in Sources */ = {isa = PBXBuildFile; fileRef = 2FD69BEE20D0CEBF001389C4 /* MapVC.swift */; };
		2FD69BF220D0CEBF001389C4 /* Main.storyboard in Resources */ = {isa = PBXBuildFile; fileRef = 2FD69BF020D0CEBF001389C4 /* Main.storyboard */; };
		2FD69BF420D0CEC0001389C4 /* Assets.xcassets in Resources */ = {isa = PBXBuildFile; fileRef = 2FD69BF320D0CEC0001389C4 /* Assets.xcassets */; };
		2FD69BF720D0CEC0001389C4 /* LaunchScreen.storyboard in Resources */ = {isa = PBXBuildFile; fileRef = 2FD69BF520D0CEC0001389C4 /* LaunchScreen.storyboard */; };
		B94404CD53523A76FFC8BA4E /* Pods_pixel_city.framework in Frameworks */ = {isa = PBXBuildFile; fileRef = C2A84553FF7CD9230D1ADF4E /* Pods_pixel_city.framework */; };
/* End PBXBuildFile section */

/* Begin PBXFileReference section */
		2F00620420F9C9CC00C78DE4 /* Constants.swift */ = {isa = PBXFileReference; lastKnownFileType = sourcecode.swift; path = Constants.swift; sourceTree = "<group>"; };
		2F620EC620F088F8005FD106 /* PhotoCell.swift */ = {isa = PBXFileReference; lastKnownFileType = sourcecode.swift; path = PhotoCell.swift; sourceTree = "<group>"; };
		2F68DE7220DF565800731729 /* DroppablePin.swift */ = {isa = PBXFileReference; lastKnownFileType = sourcecode.swift; path = DroppablePin.swift; sourceTree = "<group>"; };
		2FD69BE920D0CEBF001389C4 /* pixel-city.app */ = {isa = PBXFileReference; explicitFileType = wrapper.application; includeInIndex = 0; path = "pixel-city.app"; sourceTree = BUILT_PRODUCTS_DIR; };
		2FD69BEC20D0CEBF001389C4 /* AppDelegate.swift */ = {isa = PBXFileReference; lastKnownFileType = sourcecode.swift; path = AppDelegate.swift; sourceTree = "<group>"; };
		2FD69BEE20D0CEBF001389C4 /* MapVC.swift */ = {isa = PBXFileReference; lastKnownFileType = sourcecode.swift; path = MapVC.swift; sourceTree = "<group>"; };
		2FD69BF120D0CEBF001389C4 /* Base */ = {isa = PBXFileReference; lastKnownFileType = file.storyboard; name = Base; path = Base.lproj/Main.storyboard; sourceTree = "<group>"; };
		2FD69BF320D0CEC0001389C4 /* Assets.xcassets */ = {isa = PBXFileReference; lastKnownFileType = folder.assetcatalog; path = Assets.xcassets; sourceTree = "<group>"; };
		2FD69BF620D0CEC0001389C4 /* Base */ = {isa = PBXFileReference; lastKnownFileType = file.storyboard; name = Base; path = Base.lproj/LaunchScreen.storyboard; sourceTree = "<group>"; };
		2FD69BF820D0CEC0001389C4 /* Info.plist */ = {isa = PBXFileReference; lastKnownFileType = text.plist.xml; path = Info.plist; sourceTree = "<group>"; };
		8BF6FD10E8DC4CC0ED4813A2 /* Pods-pixel-city.debug.xcconfig */ = {isa = PBXFileReference; includeInIndex = 1; lastKnownFileType = text.xcconfig; name = "Pods-pixel-city.debug.xcconfig"; path = "Pods/Target Support Files/Pods-pixel-city/Pods-pixel-city.debug.xcconfig"; sourceTree = "<group>"; };
		ACC68834A62E8B31FAED260C /* Pods-pixel-city.release.xcconfig */ = {isa = PBXFileReference; includeInIndex = 1; lastKnownFileType = text.xcconfig; name = "Pods-pixel-city.release.xcconfig"; path = "Pods/Target Support Files/Pods-pixel-city/Pods-pixel-city.release.xcconfig"; sourceTree = "<group>"; };
		C2A84553FF7CD9230D1ADF4E /* Pods_pixel_city.framework */ = {isa = PBXFileReference; explicitFileType = wrapper.framework; includeInIndex = 0; path = Pods_pixel_city.framework; sourceTree = BUILT_PRODUCTS_DIR; };
/* End PBXFileReference section */

/* Begin PBXFrameworksBuildPhase section */
		2FD69BE620D0CEBE001389C4 /* Frameworks */ = {
			isa = PBXFrameworksBuildPhase;
			buildActionMask = 2147483647;
			files = (
				B94404CD53523A76FFC8BA4E /* Pods_pixel_city.framework in Frameworks */,
			);
			runOnlyForDeploymentPostprocessing = 0;
		};
/* End PBXFrameworksBuildPhase section */

/* Begin PBXGroup section */
		2FD69BE020D0CEBE001389C4 = {
			isa = PBXGroup;
			children = (
				2FD69BEB20D0CEBF001389C4 /* pixel-city */,
				2FD69BEA20D0CEBF001389C4 /* Products */,
				A8023F0C89407008934917D9 /* Pods */,
				F1A2AF33AD4119B372E8936D /* Frameworks */,
			);
			sourceTree = "<group>";
		};
		2FD69BEA20D0CEBF001389C4 /* Products */ = {
			isa = PBXGroup;
			children = (
				2FD69BE920D0CEBF001389C4 /* pixel-city.app */,
			);
			name = Products;
			sourceTree = "<group>";
		};
		2FD69BEB20D0CEBF001389C4 /* pixel-city */ = {
			isa = PBXGroup;
			children = (
				2FD69C0120D0CFE9001389C4 /* Utilities */,
				2FD69C0020D0CFBF001389C4 /* Extensions */,
				2FD69BFF20D0CFB2001389C4 /* View */,
				2FD69BFE20D0CF88001389C4 /* Controller */,
				2FD69BEC20D0CEBF001389C4 /* AppDelegate.swift */,
				2FD69BF020D0CEBF001389C4 /* Main.storyboard */,
				2FD69BF320D0CEC0001389C4 /* Assets.xcassets */,
				2FD69BF520D0CEC0001389C4 /* LaunchScreen.storyboard */,
				2FD69BF820D0CEC0001389C4 /* Info.plist */,
			);
			path = "pixel-city";
			sourceTree = "<group>";
		};
		2FD69BFE20D0CF88001389C4 /* Controller */ = {
			isa = PBXGroup;
			children = (
				2FD69BEE20D0CEBF001389C4 /* MapVC.swift */,
			);
			path = Controller;
			sourceTree = "<group>";
		};
		2FD69BFF20D0CFB2001389C4 /* View */ = {
			isa = PBXGroup;
			children = (
				2F68DE7220DF565800731729 /* DroppablePin.swift */,
				2F620EC620F088F8005FD106 /* PhotoCell.swift */,
			);
			path = View;
			sourceTree = "<group>";
		};
		2FD69C0020D0CFBF001389C4 /* Extensions */ = {
			isa = PBXGroup;
			children = (
			);
			path = Extensions;
			sourceTree = "<group>";
		};
		2FD69C0120D0CFE9001389C4 /* Utilities */ = {
			isa = PBXGroup;
			children = (
				2F00620420F9C9CC00C78DE4 /* Constants.swift */,
			);
			path = Utilities;
			sourceTree = "<group>";
		};
		A8023F0C89407008934917D9 /* Pods */ = {
			isa = PBXGroup;
			children = (
				8BF6FD10E8DC4CC0ED4813A2 /* Pods-pixel-city.debug.xcconfig */,
				ACC68834A62E8B31FAED260C /* Pods-pixel-city.release.xcconfig */,
			);
			name = Pods;
			sourceTree = "<group>";
		};
		F1A2AF33AD4119B372E8936D /* Frameworks */ = {
			isa = PBXGroup;
			children = (
				C2A84553FF7CD9230D1ADF4E /* Pods_pixel_city.framework */,
			);
			name = Frameworks;
			sourceTree = "<group>";
		};
/* End PBXGroup section */

/* Begin PBXNativeTarget section */
		2FD69BE820D0CEBE001389C4 /* pixel-city */ = {
			isa = PBXNativeTarget;
			buildConfigurationList = 2FD69BFB20D0CEC0001389C4 /* Build configuration list for PBXNativeTarget "pixel-city" */;
			buildPhases = (
				5A8A3C31B905DBF8B2825D45 /* [CP] Check Pods Manifest.lock */,
				2FD69BE520D0CEBE001389C4 /* Sources */,
				2FD69BE620D0CEBE001389C4 /* Frameworks */,
				2FD69BE720D0CEBE001389C4 /* Resources */,
				330CA74593B6543A09DF6851 /* [CP] Embed Pods Frameworks */,
				ACB88377FBF6133F882E7025 /* [CP] Copy Pods Resources */,
			);
			buildRules = (
			);
			dependencies = (
			);
			name = "pixel-city";
			productName = "pixel-city";
			productReference = 2FD69BE920D0CEBF001389C4 /* pixel-city.app */;
			productType = "com.apple.product-type.application";
		};
/* End PBXNativeTarget section */

/* Begin PBXProject section */
		2FD69BE120D0CEBE001389C4 /* Project object */ = {
			isa = PBXProject;
			attributes = {
				LastSwiftUpdateCheck = 0940;
				LastUpgradeCheck = 0940;
				ORGANIZATIONNAME = MinRiDaddy;
				TargetAttributes = {
					2FD69BE820D0CEBE001389C4 = {
						CreatedOnToolsVersion = 9.4;
					};
				};
			};
			buildConfigurationList = 2FD69BE420D0CEBE001389C4 /* Build configuration list for PBXProject "pixel-city" */;
			compatibilityVersion = "Xcode 9.3";
			developmentRegion = en;
			hasScannedForEncodings = 0;
			knownRegions = (
				en,
				Base,
			);
			mainGroup = 2FD69BE020D0CEBE001389C4;
			productRefGroup = 2FD69BEA20D0CEBF001389C4 /* Products */;
			projectDirPath = "";
			projectRoot = "";
			targets = (
				2FD69BE820D0CEBE001389C4 /* pixel-city */,
			);
		};
/* End PBXProject section */

/* Begin PBXResourcesBuildPhase section */
		2FD69BE720D0CEBE001389C4 /* Resources */ = {
			isa = PBXResourcesBuildPhase;
			buildActionMask = 2147483647;
			files = (
				2FD69BF720D0CEC0001389C4 /* LaunchScreen.storyboard in Resources */,
				2FD69BF420D0CEC0001389C4 /* Assets.xcassets in Resources */,
				2FD69BF220D0CEBF001389C4 /* Main.storyboard in Resources */,
			);
			runOnlyForDeploymentPostprocessing = 0;
		};
/* End PBXResourcesBuildPhase section */

/* Begin PBXShellScriptBuildPhase section */
		330CA74593B6543A09DF6851 /* [CP] Embed Pods Frameworks */ = {
			isa = PBXShellScriptBuildPhase;
			buildActionMask = 2147483647;
			files = (
			);
			inputPaths = (
				"${SRCROOT}/Pods/Target Support Files/Pods-pixel-city/Pods-pixel-city-frameworks.sh",
				"${BUILT_PRODUCTS_DIR}/Alamofire/Alamofire.framework",
				"${BUILT_PRODUCTS_DIR}/AlamofireImage/AlamofireImage.framework",
			);
			name = "[CP] Embed Pods Frameworks";
			outputPaths = (
				"${TARGET_BUILD_DIR}/${FRAMEWORKS_FOLDER_PATH}/Alamofire.framework",
				"${TARGET_BUILD_DIR}/${FRAMEWORKS_FOLDER_PATH}/AlamofireImage.framework",
			);
			runOnlyForDeploymentPostprocessing = 0;
			shellPath = /bin/sh;
			shellScript = "\"${SRCROOT}/Pods/Target Support Files/Pods-pixel-city/Pods-pixel-city-frameworks.sh\"\n";
			showEnvVarsInLog = 0;
		};
		5A8A3C31B905DBF8B2825D45 /* [CP] Check Pods Manifest.lock */ = {
			isa = PBXShellScriptBuildPhase;
			buildActionMask = 2147483647;
			files = (
			);
			inputPaths = (
				"${PODS_PODFILE_DIR_PATH}/Podfile.lock",
				"${PODS_ROOT}/Manifest.lock",
			);
			name = "[CP] Check Pods Manifest.lock";
			outputPaths = (
				"$(DERIVED_FILE_DIR)/Pods-pixel-city-checkManifestLockResult.txt",
			);
			runOnlyForDeploymentPostprocessing = 0;
			shellPath = /bin/sh;
			shellScript = "diff \"${PODS_PODFILE_DIR_PATH}/Podfile.lock\" \"${PODS_ROOT}/Manifest.lock\" > /dev/null\nif [ $? != 0 ] ; then\n    # print error to STDERR\n    echo \"error: The sandbox is not in sync with the Podfile.lock. Run 'pod install' or update your CocoaPods installation.\" >&2\n    exit 1\nfi\n# This output is used by Xcode 'outputs' to avoid re-running this script phase.\necho \"SUCCESS\" > \"${SCRIPT_OUTPUT_FILE_0}\"\n";
			showEnvVarsInLog = 0;
		};
		ACB88377FBF6133F882E7025 /* [CP] Copy Pods Resources */ = {
			isa = PBXShellScriptBuildPhase;
			buildActionMask = 2147483647;
			files = (
			);
			inputPaths = (
			);
			name = "[CP] Copy Pods Resources";
			outputPaths = (
			);
			runOnlyForDeploymentPostprocessing = 0;
			shellPath = /bin/sh;
			shellScript = "\"${SRCROOT}/Pods/Target Support Files/Pods-pixel-city/Pods-pixel-city-resources.sh\"\n";
			showEnvVarsInLog = 0;
		};
/* End PBXShellScriptBuildPhase section */

/* Begin PBXSourcesBuildPhase section */
		2FD69BE520D0CEBE001389C4 /* Sources */ = {
			isa = PBXSourcesBuildPhase;
			buildActionMask = 2147483647;
			files = (
				2F00620520F9C9CC00C78DE4 /* Constants.swift in Sources */,
				2F620EC720F088F8005FD106 /* PhotoCell.swift in Sources */,
				2FD69BEF20D0CEBF001389C4 /* MapVC.swift in Sources */,
				2F68DE7320DF565800731729 /* DroppablePin.swift in Sources */,
				2FD69BED20D0CEBF001389C4 /* AppDelegate.swift in Sources */,
			);
			runOnlyForDeploymentPostprocessing = 0;
		};
/* End PBXSourcesBuildPhase section */

/* Begin PBXVariantGroup section */
		2FD69BF020D0CEBF001389C4 /* Main.storyboard */ = {
			isa = PBXVariantGroup;
			children = (
				2FD69BF120D0CEBF001389C4 /* Base */,
			);
			name = Main.storyboard;
			sourceTree = "<group>";
		};
		2FD69BF520D0CEC0001389C4 /* LaunchScreen.storyboard */ = {
			isa = PBXVariantGroup;
			children = (
				2FD69BF620D0CEC0001389C4 /* Base */,
			);
			name = LaunchScreen.storyboard;
			sourceTree = "<group>";
		};
/* End PBXVariantGroup section */

/* Begin XCBuildConfiguration section */
		2FD69BF920D0CEC0001389C4 /* Debug */ = {
			isa = XCBuildConfiguration;
			buildSettings = {
				ALWAYS_SEARCH_USER_PATHS = NO;
				CLANG_ANALYZER_NONNULL = YES;
				CLANG_ANALYZER_NUMBER_OBJECT_CONVERSION = YES_AGGRESSIVE;
				CLANG_CXX_LANGUAGE_STANDARD = "gnu++14";
				CLANG_CXX_LIBRARY = "libc++";
				CLANG_ENABLE_MODULES = YES;
				CLANG_ENABLE_OBJC_ARC = YES;
				CLANG_ENABLE_OBJC_WEAK = YES;
				CLANG_WARN_BLOCK_CAPTURE_AUTORELEASING = YES;
				CLANG_WARN_BOOL_CONVERSION = YES;
				CLANG_WARN_COMMA = YES;
				CLANG_WARN_CONSTANT_CONVERSION = YES;
				CLANG_WARN_DEPRECATED_OBJC_IMPLEMENTATIONS = YES;
				CLANG_WARN_DIRECT_OBJC_ISA_USAGE = YES_ERROR;
				CLANG_WARN_DOCUMENTATION_COMMENTS = YES;
				CLANG_WARN_EMPTY_BODY = YES;
				CLANG_WARN_ENUM_CONVERSION = YES;
				CLANG_WARN_INFINITE_RECURSION = YES;
				CLANG_WARN_INT_CONVERSION = YES;
				CLANG_WARN_NON_LITERAL_NULL_CONVERSION = YES;
				CLANG_WARN_OBJC_IMPLICIT_RETAIN_SELF = YES;
				CLANG_WARN_OBJC_LITERAL_CONVERSION = YES;
				CLANG_WARN_OBJC_ROOT_CLASS = YES_ERROR;
				CLANG_WARN_RANGE_LOOP_ANALYSIS = YES;
				CLANG_WARN_STRICT_PROTOTYPES = YES;
				CLANG_WARN_SUSPICIOUS_MOVE = YES;
				CLANG_WARN_UNGUARDED_AVAILABILITY = YES_AGGRESSIVE;
				CLANG_WARN_UNREACHABLE_CODE = YES;
				CLANG_WARN__DUPLICATE_METHOD_MATCH = YES;
				CODE_SIGN_IDENTITY = "iPhone Developer";
				COPY_PHASE_STRIP = NO;
				DEBUG_INFORMATION_FORMAT = dwarf;
				ENABLE_STRICT_OBJC_MSGSEND = YES;
				ENABLE_TESTABILITY = YES;
				GCC_C_LANGUAGE_STANDARD = gnu11;
				GCC_DYNAMIC_NO_PIC = NO;
				GCC_NO_COMMON_BLOCKS = YES;
				GCC_OPTIMIZATION_LEVEL = 0;
				GCC_PREPROCESSOR_DEFINITIONS = (
					"DEBUG=1",
					"$(inherited)",
				);
				GCC_WARN_64_TO_32_BIT_CONVERSION = YES;
				GCC_WARN_ABOUT_RETURN_TYPE = YES_ERROR;
				GCC_WARN_UNDECLARED_SELECTOR = YES;
				GCC_WARN_UNINITIALIZED_AUTOS = YES_AGGRESSIVE;
				GCC_WARN_UNUSED_FUNCTION = YES;
				GCC_WARN_UNUSED_VARIABLE = YES;
				IPHONEOS_DEPLOYMENT_TARGET = 11.4;
				MTL_ENABLE_DEBUG_INFO = YES;
				ONLY_ACTIVE_ARCH = YES;
				SDKROOT = iphoneos;
				SWIFT_ACTIVE_COMPILATION_CONDITIONS = DEBUG;
				SWIFT_OPTIMIZATION_LEVEL = "-Onone";
			};
			name = Debug;
		};
		2FD69BFA20D0CEC0001389C4 /* Release */ = {
			isa = XCBuildConfiguration;
			buildSettings = {
				ALWAYS_SEARCH_USER_PATHS = NO;
				CLANG_ANALYZER_NONNULL = YES;
				CLANG_ANALYZER_NUMBER_OBJECT_CONVERSION = YES_AGGRESSIVE;
				CLANG_CXX_LANGUAGE_STANDARD = "gnu++14";
				CLANG_CXX_LIBRARY = "libc++";
				CLANG_ENABLE_MODULES = YES;
				CLANG_ENABLE_OBJC_ARC = YES;
				CLANG_ENABLE_OBJC_WEAK = YES;
				CLANG_WARN_BLOCK_CAPTURE_AUTORELEASING = YES;
				CLANG_WARN_BOOL_CONVERSION = YES;
				CLANG_WARN_COMMA = YES;
				CLANG_WARN_CONSTANT_CONVERSION = YES;
				CLANG_WARN_DEPRECATED_OBJC_IMPLEMENTATIONS = YES;
				CLANG_WARN_DIRECT_OBJC_ISA_USAGE = YES_ERROR;
				CLANG_WARN_DOCUMENTATION_COMMENTS = YES;
				CLANG_WARN_EMPTY_BODY = YES;
				CLANG_WARN_ENUM_CONVERSION = YES;
				CLANG_WARN_INFINITE_RECURSION = YES;
				CLANG_WARN_INT_CONVERSION = YES;
				CLANG_WARN_NON_LITERAL_NULL_CONVERSION = YES;
				CLANG_WARN_OBJC_IMPLICIT_RETAIN_SELF = YES;
				CLANG_WARN_OBJC_LITERAL_CONVERSION = YES;
				CLANG_WARN_OBJC_ROOT_CLASS = YES_ERROR;
				CLANG_WARN_RANGE_LOOP_ANALYSIS = YES;
				CLANG_WARN_STRICT_PROTOTYPES = YES;
				CLANG_WARN_SUSPICIOUS_MOVE = YES;
				CLANG_WARN_UNGUARDED_AVAILABILITY = YES_AGGRESSIVE;
				CLANG_WARN_UNREACHABLE_CODE = YES;
				CLANG_WARN__DUPLICATE_METHOD_MATCH = YES;
				CODE_SIGN_IDENTITY = "iPhone Developer";
				COPY_PHASE_STRIP = NO;
				DEBUG_INFORMATION_FORMAT = "dwarf-with-dsym";
				ENABLE_NS_ASSERTIONS = NO;
				ENABLE_STRICT_OBJC_MSGSEND = YES;
				GCC_C_LANGUAGE_STANDARD = gnu11;
				GCC_NO_COMMON_BLOCKS = YES;
				GCC_WARN_64_TO_32_BIT_CONVERSION = YES;
				GCC_WARN_ABOUT_RETURN_TYPE = YES_ERROR;
				GCC_WARN_UNDECLARED_SELECTOR = YES;
				GCC_WARN_UNINITIALIZED_AUTOS = YES_AGGRESSIVE;
				GCC_WARN_UNUSED_FUNCTION = YES;
				GCC_WARN_UNUSED_VARIABLE = YES;
				IPHONEOS_DEPLOYMENT_TARGET = 11.4;
				MTL_ENABLE_DEBUG_INFO = NO;
				SDKROOT = iphoneos;
				SWIFT_COMPILATION_MODE = wholemodule;
				SWIFT_OPTIMIZATION_LEVEL = "-O";
				VALIDATE_PRODUCT = YES;
			};
			name = Release;
		};
		2FD69BFC20D0CEC0001389C4 /* Debug */ = {
			isa = XCBuildConfiguration;
			baseConfigurationReference = 8BF6FD10E8DC4CC0ED4813A2 /* Pods-pixel-city.debug.xcconfig */;
			buildSettings = {
				ASSETCATALOG_COMPILER_APPICON_NAME = AppIcon;
				CODE_SIGN_STYLE = Automatic;
				DEVELOPMENT_TEAM = 344L79385W;
				INFOPLIST_FILE = "pixel-city/Info.plist";
				LD_RUNPATH_SEARCH_PATHS = (
					"$(inherited)",
					"@executable_path/Frameworks",
				);
				PRODUCT_BUNDLE_IDENTIFIER = "personal.minricompany.pixel-city";
				PRODUCT_NAME = "$(TARGET_NAME)";
				SWIFT_VERSION = 4.0;
				TARGETED_DEVICE_FAMILY = "1,2";
			};
			name = Debug;
		};
		2FD69BFD20D0CEC0001389C4 /* Release */ = {
			isa = XCBuildConfiguration;
			baseConfigurationReference = ACC68834A62E8B31FAED260C /* Pods-pixel-city.release.xcconfig */;
			buildSettings = {
				ASSETCATALOG_COMPILER_APPICON_NAME = AppIcon;
				CODE_SIGN_STYLE = Automatic;
				DEVELOPMENT_TEAM = 344L79385W;
				INFOPLIST_FILE = "pixel-city/Info.plist";
				LD_RUNPATH_SEARCH_PATHS = (
					"$(inherited)",
					"@executable_path/Frameworks",
				);
				PRODUCT_BUNDLE_IDENTIFIER = "personal.minricompany.pixel-city";
				PRODUCT_NAME = "$(TARGET_NAME)";
				SWIFT_VERSION = 4.0;
				TARGETED_DEVICE_FAMILY = "1,2";
			};
			name = Release;
		};
/* End XCBuildConfiguration section */

/* Begin XCConfigurationList section */
		2FD69BE420D0CEBE001389C4 /* Build configuration list for PBXProject "pixel-city" */ = {
			isa = XCConfigurationList;
			buildConfigurations = (
				2FD69BF920D0CEC0001389C4 /* Debug */,
				2FD69BFA20D0CEC0001389C4 /* Release */,
			);
			defaultConfigurationIsVisible = 0;
			defaultConfigurationName = Release;
		};
		2FD69BFB20D0CEC0001389C4 /* Build configuration list for PBXNativeTarget "pixel-city" */ = {
			isa = XCConfigurationList;
			buildConfigurations = (
				2FD69BFC20D0CEC0001389C4 /* Debug */,
				2FD69BFD20D0CEC0001389C4 /* Release */,
			);
			defaultConfigurationIsVisible = 0;
			defaultConfigurationName = Release;
		};
/* End XCConfigurationList section */
	};
	rootObject = 2FD69BE120D0CEBE001389C4 /* Project object */;
}
